// !$*UTF8*$!
{
	archiveVersion = 1;
	classes = {
	};
	objectVersion = 52;
	objects = {

/* Begin PBXBuildFile section */
		902805ED264F36BE00573BF9 /* AppDelegate.swift in Sources */ = {isa = PBXBuildFile; fileRef = 902805EC264F36BE00573BF9 /* AppDelegate.swift */; };
		902805EF264F36BE00573BF9 /* SceneDelegate.swift in Sources */ = {isa = PBXBuildFile; fileRef = 902805EE264F36BE00573BF9 /* SceneDelegate.swift */; };
		902805F1264F36BE00573BF9 /* ViewController.swift in Sources */ = {isa = PBXBuildFile; fileRef = 902805F0264F36BE00573BF9 /* ViewController.swift */; };
		902805F4264F36BE00573BF9 /* Main.storyboard in Resources */ = {isa = PBXBuildFile; fileRef = 902805F2264F36BE00573BF9 /* Main.storyboard */; };
		902805F6264F36C100573BF9 /* Assets.xcassets in Resources */ = {isa = PBXBuildFile; fileRef = 902805F5264F36C100573BF9 /* Assets.xcassets */; };
		902805F9264F36C100573BF9 /* LaunchScreen.storyboard in Resources */ = {isa = PBXBuildFile; fileRef = 902805F7264F36C100573BF9 /* LaunchScreen.storyboard */; };
		90280604264F36C100573BF9 /* ML_Challenge_iOSTests.swift in Sources */ = {isa = PBXBuildFile; fileRef = 90280603264F36C100573BF9 /* ML_Challenge_iOSTests.swift */; };
		9028060F264F36C100573BF9 /* ML_Challenge_iOSUITests.swift in Sources */ = {isa = PBXBuildFile; fileRef = 9028060E264F36C100573BF9 /* ML_Challenge_iOSUITests.swift */; };
		90280636264F5A6500573BF9 /* MLSearchResultsViewModel.swift in Sources */ = {isa = PBXBuildFile; fileRef = 90280635264F5A6500573BF9 /* MLSearchResultsViewModel.swift */; };
		90280641264F5FB400573BF9 /* MyResponse.swift in Sources */ = {isa = PBXBuildFile; fileRef = 90280640264F5FB400573BF9 /* MyResponse.swift */; };
		90280647264F617A00573BF9 /* Alamofire in Frameworks */ = {isa = PBXBuildFile; productRef = 90280646264F617A00573BF9 /* Alamofire */; };
		9028064C264F61AF00573BF9 /* MLApi.swift in Sources */ = {isa = PBXBuildFile; fileRef = 9028064B264F61AF00573BF9 /* MLApi.swift */; };
		90280651264FA18200573BF9 /* CustomError.swift in Sources */ = {isa = PBXBuildFile; fileRef = 90280650264FA18200573BF9 /* CustomError.swift */; };
		9028065626505A6900573BF9 /* MLSearchResultsView.swift in Sources */ = {isa = PBXBuildFile; fileRef = 9028065526505A6900573BF9 /* MLSearchResultsView.swift */; };
		9028065C265065D800573BF9 /* MLSearchView.swift in Sources */ = {isa = PBXBuildFile; fileRef = 9028065B265065D800573BF9 /* MLSearchView.swift */; };
		9067887C2651ED4A0061681D /* Localizable.strings in Resources */ = {isa = PBXBuildFile; fileRef = 9067887B2651ED490061681D /* Localizable.strings */; };
		9067887F265226A30061681D /* CustomCell.swift in Sources */ = {isa = PBXBuildFile; fileRef = 9067887D265226A30061681D /* CustomCell.swift */; };
		90678880265226A30061681D /* CustomCell.xib in Resources */ = {isa = PBXBuildFile; fileRef = 9067887E265226A30061681D /* CustomCell.xib */; };
		90EEA0992653604200A3452A /* MLDetailsView.swift in Sources */ = {isa = PBXBuildFile; fileRef = 90EEA0982653604200A3452A /* MLDetailsView.swift */; };
/* End PBXBuildFile section */

/* Begin PBXContainerItemProxy section */
		90280600264F36C100573BF9 /* PBXContainerItemProxy */ = {
			isa = PBXContainerItemProxy;
			containerPortal = 902805E1264F36BE00573BF9 /* Project object */;
			proxyType = 1;
			remoteGlobalIDString = 902805E8264F36BE00573BF9;
			remoteInfo = ML_Challenge_iOS;
		};
		9028060B264F36C100573BF9 /* PBXContainerItemProxy */ = {
			isa = PBXContainerItemProxy;
			containerPortal = 902805E1264F36BE00573BF9 /* Project object */;
			proxyType = 1;
			remoteGlobalIDString = 902805E8264F36BE00573BF9;
			remoteInfo = ML_Challenge_iOS;
		};
/* End PBXContainerItemProxy section */

/* Begin PBXFileReference section */
		902805E9264F36BE00573BF9 /* ML_Challenge_iOS.app */ = {isa = PBXFileReference; explicitFileType = wrapper.application; includeInIndex = 0; path = ML_Challenge_iOS.app; sourceTree = BUILT_PRODUCTS_DIR; };
		902805EC264F36BE00573BF9 /* AppDelegate.swift */ = {isa = PBXFileReference; lastKnownFileType = sourcecode.swift; path = AppDelegate.swift; sourceTree = "<group>"; };
		902805EE264F36BE00573BF9 /* SceneDelegate.swift */ = {isa = PBXFileReference; lastKnownFileType = sourcecode.swift; path = SceneDelegate.swift; sourceTree = "<group>"; };
		902805F0264F36BE00573BF9 /* ViewController.swift */ = {isa = PBXFileReference; lastKnownFileType = sourcecode.swift; path = ViewController.swift; sourceTree = "<group>"; };
		902805F3264F36BE00573BF9 /* Base */ = {isa = PBXFileReference; lastKnownFileType = file.storyboard; name = Base; path = Base.lproj/Main.storyboard; sourceTree = "<group>"; };
		902805F5264F36C100573BF9 /* Assets.xcassets */ = {isa = PBXFileReference; lastKnownFileType = folder.assetcatalog; path = Assets.xcassets; sourceTree = "<group>"; };
		902805F8264F36C100573BF9 /* Base */ = {isa = PBXFileReference; lastKnownFileType = file.storyboard; name = Base; path = Base.lproj/LaunchScreen.storyboard; sourceTree = "<group>"; };
		902805FA264F36C100573BF9 /* Info.plist */ = {isa = PBXFileReference; lastKnownFileType = text.plist.xml; path = Info.plist; sourceTree = "<group>"; };
		902805FF264F36C100573BF9 /* ML_Challenge_iOSTests.xctest */ = {isa = PBXFileReference; explicitFileType = wrapper.cfbundle; includeInIndex = 0; path = ML_Challenge_iOSTests.xctest; sourceTree = BUILT_PRODUCTS_DIR; };
		90280603264F36C100573BF9 /* ML_Challenge_iOSTests.swift */ = {isa = PBXFileReference; lastKnownFileType = sourcecode.swift; path = ML_Challenge_iOSTests.swift; sourceTree = "<group>"; };
		90280605264F36C100573BF9 /* Info.plist */ = {isa = PBXFileReference; lastKnownFileType = text.plist.xml; path = Info.plist; sourceTree = "<group>"; };
		9028060A264F36C100573BF9 /* ML_Challenge_iOSUITests.xctest */ = {isa = PBXFileReference; explicitFileType = wrapper.cfbundle; includeInIndex = 0; path = ML_Challenge_iOSUITests.xctest; sourceTree = BUILT_PRODUCTS_DIR; };
		9028060E264F36C100573BF9 /* ML_Challenge_iOSUITests.swift */ = {isa = PBXFileReference; lastKnownFileType = sourcecode.swift; path = ML_Challenge_iOSUITests.swift; sourceTree = "<group>"; };
		90280610264F36C100573BF9 /* Info.plist */ = {isa = PBXFileReference; lastKnownFileType = text.plist.xml; path = Info.plist; sourceTree = "<group>"; };
		90280635264F5A6500573BF9 /* MLSearchResultsViewModel.swift */ = {isa = PBXFileReference; lastKnownFileType = sourcecode.swift; path = MLSearchResultsViewModel.swift; sourceTree = "<group>"; };
		90280640264F5FB400573BF9 /* MyResponse.swift */ = {isa = PBXFileReference; lastKnownFileType = sourcecode.swift; path = MyResponse.swift; sourceTree = "<group>"; };
		9028064B264F61AF00573BF9 /* MLApi.swift */ = {isa = PBXFileReference; lastKnownFileType = sourcecode.swift; path = MLApi.swift; sourceTree = "<group>"; };
		90280650264FA18200573BF9 /* CustomError.swift */ = {isa = PBXFileReference; lastKnownFileType = sourcecode.swift; path = CustomError.swift; sourceTree = "<group>"; };
		9028065526505A6900573BF9 /* MLSearchResultsView.swift */ = {isa = PBXFileReference; lastKnownFileType = sourcecode.swift; path = MLSearchResultsView.swift; sourceTree = "<group>"; };
		9028065B265065D800573BF9 /* MLSearchView.swift */ = {isa = PBXFileReference; lastKnownFileType = sourcecode.swift; path = MLSearchView.swift; sourceTree = "<group>"; };
		9067887B2651ED490061681D /* Localizable.strings */ = {isa = PBXFileReference; lastKnownFileType = text.plist.strings; path = Localizable.strings; sourceTree = "<group>"; };
		9067887D265226A30061681D /* CustomCell.swift */ = {isa = PBXFileReference; lastKnownFileType = sourcecode.swift; path = CustomCell.swift; sourceTree = "<group>"; };
		9067887E265226A30061681D /* CustomCell.xib */ = {isa = PBXFileReference; lastKnownFileType = file.xib; path = CustomCell.xib; sourceTree = "<group>"; };
		90EEA0982653604200A3452A /* MLDetailsView.swift */ = {isa = PBXFileReference; lastKnownFileType = sourcecode.swift; path = MLDetailsView.swift; sourceTree = "<group>"; };
/* End PBXFileReference section */

/* Begin PBXFrameworksBuildPhase section */
		902805E6264F36BE00573BF9 /* Frameworks */ = {
			isa = PBXFrameworksBuildPhase;
			buildActionMask = 2147483647;
			files = (
				90280647264F617A00573BF9 /* Alamofire in Frameworks */,
			);
			runOnlyForDeploymentPostprocessing = 0;
		};
		902805FC264F36C100573BF9 /* Frameworks */ = {
			isa = PBXFrameworksBuildPhase;
			buildActionMask = 2147483647;
			files = (
			);
			runOnlyForDeploymentPostprocessing = 0;
		};
		90280607264F36C100573BF9 /* Frameworks */ = {
			isa = PBXFrameworksBuildPhase;
			buildActionMask = 2147483647;
			files = (
			);
			runOnlyForDeploymentPostprocessing = 0;
		};
/* End PBXFrameworksBuildPhase section */

/* Begin PBXGroup section */
		902805E0264F36BE00573BF9 = {
			isa = PBXGroup;
			children = (
				9067887B2651ED490061681D /* Localizable.strings */,
				902805EB264F36BE00573BF9 /* ML_Challenge_iOS */,
				90280602264F36C100573BF9 /* ML_Challenge_iOSTests */,
				9028060D264F36C100573BF9 /* ML_Challenge_iOSUITests */,
				902805EA264F36BE00573BF9 /* Products */,
			);
			sourceTree = "<group>";
		};
		902805EA264F36BE00573BF9 /* Products */ = {
			isa = PBXGroup;
			children = (
				902805E9264F36BE00573BF9 /* ML_Challenge_iOS.app */,
				902805FF264F36C100573BF9 /* ML_Challenge_iOSTests.xctest */,
				9028060A264F36C100573BF9 /* ML_Challenge_iOSUITests.xctest */,
			);
			name = Products;
			sourceTree = "<group>";
		};
		902805EB264F36BE00573BF9 /* ML_Challenge_iOS */ = {
			isa = PBXGroup;
			children = (
				90280631264F5A0200573BF9 /* Api */,
				90280624264F379500573BF9 /* Search_Screen */,
				90280623264F375C00573BF9 /* Results_Screen */,
				90280622264F374000573BF9 /* Details_Screen */,
				902805EC264F36BE00573BF9 /* AppDelegate.swift */,
				902805EE264F36BE00573BF9 /* SceneDelegate.swift */,
				902805F0264F36BE00573BF9 /* ViewController.swift */,
				902805F2264F36BE00573BF9 /* Main.storyboard */,
				9067887E265226A30061681D /* CustomCell.xib */,
				9067887D265226A30061681D /* CustomCell.swift */,
				902805F5264F36C100573BF9 /* Assets.xcassets */,
				902805F7264F36C100573BF9 /* LaunchScreen.storyboard */,
				902805FA264F36C100573BF9 /* Info.plist */,
			);
			path = ML_Challenge_iOS;
			sourceTree = "<group>";
		};
		90280602264F36C100573BF9 /* ML_Challenge_iOSTests */ = {
			isa = PBXGroup;
			children = (
				90280603264F36C100573BF9 /* ML_Challenge_iOSTests.swift */,
				90280605264F36C100573BF9 /* Info.plist */,
			);
			path = ML_Challenge_iOSTests;
			sourceTree = "<group>";
		};
		9028060D264F36C100573BF9 /* ML_Challenge_iOSUITests */ = {
			isa = PBXGroup;
			children = (
				9028060E264F36C100573BF9 /* ML_Challenge_iOSUITests.swift */,
				90280610264F36C100573BF9 /* Info.plist */,
			);
			path = ML_Challenge_iOSUITests;
			sourceTree = "<group>";
		};
		90280622264F374000573BF9 /* Details_Screen */ = {
			isa = PBXGroup;
			children = (
				90EEA0972653601600A3452A /* View */,
			);
			path = Details_Screen;
			sourceTree = "<group>";
		};
		90280623264F375C00573BF9 /* Results_Screen */ = {
			isa = PBXGroup;
			children = (
				90280625264F4A3200573BF9 /* Model */,
				90280626264F4A3B00573BF9 /* View */,
				90280627264F4A4900573BF9 /* ViewModel */,
			);
			path = Results_Screen;
			sourceTree = "<group>";
		};
		90280624264F379500573BF9 /* Search_Screen */ = {
			isa = PBXGroup;
			children = (
				9028065A265065C200573BF9 /* View */,
			);
			path = Search_Screen;
			sourceTree = "<group>";
		};
		90280625264F4A3200573BF9 /* Model */ = {
			isa = PBXGroup;
			children = (
				90280640264F5FB400573BF9 /* MyResponse.swift */,
				90280650264FA18200573BF9 /* CustomError.swift */,
			);
			path = Model;
			sourceTree = "<group>";
		};
		90280626264F4A3B00573BF9 /* View */ = {
			isa = PBXGroup;
			children = (
				9028065526505A6900573BF9 /* MLSearchResultsView.swift */,
			);
			path = View;
			sourceTree = "<group>";
		};
		90280627264F4A4900573BF9 /* ViewModel */ = {
			isa = PBXGroup;
			children = (
				90280635264F5A6500573BF9 /* MLSearchResultsViewModel.swift */,
			);
			path = ViewModel;
			sourceTree = "<group>";
		};
		90280631264F5A0200573BF9 /* Api */ = {
			isa = PBXGroup;
			children = (
				9028064B264F61AF00573BF9 /* MLApi.swift */,
			);
			path = Api;
			sourceTree = "<group>";
		};
		9028065A265065C200573BF9 /* View */ = {
			isa = PBXGroup;
			children = (
				9028065B265065D800573BF9 /* MLSearchView.swift */,
			);
			path = View;
			sourceTree = "<group>";
		};
		90EEA0972653601600A3452A /* View */ = {
			isa = PBXGroup;
			children = (
				90EEA0982653604200A3452A /* MLDetailsView.swift */,
			);
			path = View;
			sourceTree = "<group>";
		};
/* End PBXGroup section */

/* Begin PBXNativeTarget section */
		902805E8264F36BE00573BF9 /* ML_Challenge_iOS */ = {
			isa = PBXNativeTarget;
			buildConfigurationList = 90280613264F36C100573BF9 /* Build configuration list for PBXNativeTarget "ML_Challenge_iOS" */;
			buildPhases = (
				902805E5264F36BE00573BF9 /* Sources */,
				902805E6264F36BE00573BF9 /* Frameworks */,
				902805E7264F36BE00573BF9 /* Resources */,
			);
			buildRules = (
			);
			dependencies = (
			);
			name = ML_Challenge_iOS;
			packageProductDependencies = (
				90280646264F617A00573BF9 /* Alamofire */,
			);
			productName = ML_Challenge_iOS;
			productReference = 902805E9264F36BE00573BF9 /* ML_Challenge_iOS.app */;
			productType = "com.apple.product-type.application";
		};
		902805FE264F36C100573BF9 /* ML_Challenge_iOSTests */ = {
			isa = PBXNativeTarget;
			buildConfigurationList = 90280616264F36C100573BF9 /* Build configuration list for PBXNativeTarget "ML_Challenge_iOSTests" */;
			buildPhases = (
				902805FB264F36C100573BF9 /* Sources */,
				902805FC264F36C100573BF9 /* Frameworks */,
				902805FD264F36C100573BF9 /* Resources */,
			);
			buildRules = (
			);
			dependencies = (
				90280601264F36C100573BF9 /* PBXTargetDependency */,
			);
			name = ML_Challenge_iOSTests;
			productName = ML_Challenge_iOSTests;
			productReference = 902805FF264F36C100573BF9 /* ML_Challenge_iOSTests.xctest */;
			productType = "com.apple.product-type.bundle.unit-test";
		};
		90280609264F36C100573BF9 /* ML_Challenge_iOSUITests */ = {
			isa = PBXNativeTarget;
			buildConfigurationList = 90280619264F36C100573BF9 /* Build configuration list for PBXNativeTarget "ML_Challenge_iOSUITests" */;
			buildPhases = (
				90280606264F36C100573BF9 /* Sources */,
				90280607264F36C100573BF9 /* Frameworks */,
				90280608264F36C100573BF9 /* Resources */,
			);
			buildRules = (
			);
			dependencies = (
				9028060C264F36C100573BF9 /* PBXTargetDependency */,
			);
			name = ML_Challenge_iOSUITests;
			productName = ML_Challenge_iOSUITests;
			productReference = 9028060A264F36C100573BF9 /* ML_Challenge_iOSUITests.xctest */;
			productType = "com.apple.product-type.bundle.ui-testing";
		};
/* End PBXNativeTarget section */

/* Begin PBXProject section */
		902805E1264F36BE00573BF9 /* Project object */ = {
			isa = PBXProject;
			attributes = {
				LastSwiftUpdateCheck = 1240;
				LastUpgradeCheck = 1240;
				TargetAttributes = {
					902805E8264F36BE00573BF9 = {
						CreatedOnToolsVersion = 12.4;
					};
					902805FE264F36C100573BF9 = {
						CreatedOnToolsVersion = 12.4;
						TestTargetID = 902805E8264F36BE00573BF9;
					};
					90280609264F36C100573BF9 = {
						CreatedOnToolsVersion = 12.4;
						TestTargetID = 902805E8264F36BE00573BF9;
					};
				};
			};
			buildConfigurationList = 902805E4264F36BE00573BF9 /* Build configuration list for PBXProject "ML_Challenge_iOS" */;
			compatibilityVersion = "Xcode 9.3";
			developmentRegion = en;
			hasScannedForEncodings = 0;
			knownRegions = (
				en,
				Base,
			);
			mainGroup = 902805E0264F36BE00573BF9;
			packageReferences = (
				90280645264F617A00573BF9 /* XCRemoteSwiftPackageReference "alamofire" */,
			);
			productRefGroup = 902805EA264F36BE00573BF9 /* Products */;
			projectDirPath = "";
			projectRoot = "";
			targets = (
				902805E8264F36BE00573BF9 /* ML_Challenge_iOS */,
				902805FE264F36C100573BF9 /* ML_Challenge_iOSTests */,
				90280609264F36C100573BF9 /* ML_Challenge_iOSUITests */,
			);
		};
/* End PBXProject section */

/* Begin PBXResourcesBuildPhase section */
		902805E7264F36BE00573BF9 /* Resources */ = {
			isa = PBXResourcesBuildPhase;
			buildActionMask = 2147483647;
			files = (
				90678880265226A30061681D /* CustomCell.xib in Resources */,
				9067887C2651ED4A0061681D /* Localizable.strings in Resources */,
				902805F9264F36C100573BF9 /* LaunchScreen.storyboard in Resources */,
				902805F6264F36C100573BF9 /* Assets.xcassets in Resources */,
				902805F4264F36BE00573BF9 /* Main.storyboard in Resources */,
			);
			runOnlyForDeploymentPostprocessing = 0;
		};
		902805FD264F36C100573BF9 /* Resources */ = {
			isa = PBXResourcesBuildPhase;
			buildActionMask = 2147483647;
			files = (
			);
			runOnlyForDeploymentPostprocessing = 0;
		};
		90280608264F36C100573BF9 /* Resources */ = {
			isa = PBXResourcesBuildPhase;
			buildActionMask = 2147483647;
			files = (
			);
			runOnlyForDeploymentPostprocessing = 0;
		};
/* End PBXResourcesBuildPhase section */

/* Begin PBXSourcesBuildPhase section */
		902805E5264F36BE00573BF9 /* Sources */ = {
			isa = PBXSourcesBuildPhase;
			buildActionMask = 2147483647;
			files = (
				90280651264FA18200573BF9 /* CustomError.swift in Sources */,
				90EEA0992653604200A3452A /* MLDetailsView.swift in Sources */,
				9028065C265065D800573BF9 /* MLSearchView.swift in Sources */,
				9067887F265226A30061681D /* CustomCell.swift in Sources */,
				90280636264F5A6500573BF9 /* MLSearchResultsViewModel.swift in Sources */,
				9028064C264F61AF00573BF9 /* MLApi.swift in Sources */,
				902805F1264F36BE00573BF9 /* ViewController.swift in Sources */,
				902805ED264F36BE00573BF9 /* AppDelegate.swift in Sources */,
				90280641264F5FB400573BF9 /* MyResponse.swift in Sources */,
				902805EF264F36BE00573BF9 /* SceneDelegate.swift in Sources */,
				9028065626505A6900573BF9 /* MLSearchResultsView.swift in Sources */,
			);
			runOnlyForDeploymentPostprocessing = 0;
		};
		902805FB264F36C100573BF9 /* Sources */ = {
			isa = PBXSourcesBuildPhase;
			buildActionMask = 2147483647;
			files = (
				90280604264F36C100573BF9 /* ML_Challenge_iOSTests.swift in Sources */,
			);
			runOnlyForDeploymentPostprocessing = 0;
		};
		90280606264F36C100573BF9 /* Sources */ = {
			isa = PBXSourcesBuildPhase;
			buildActionMask = 2147483647;
			files = (
				9028060F264F36C100573BF9 /* ML_Challenge_iOSUITests.swift in Sources */,
			);
			runOnlyForDeploymentPostprocessing = 0;
		};
/* End PBXSourcesBuildPhase section */

/* Begin PBXTargetDependency section */
		90280601264F36C100573BF9 /* PBXTargetDependency */ = {
			isa = PBXTargetDependency;
			target = 902805E8264F36BE00573BF9 /* ML_Challenge_iOS */;
			targetProxy = 90280600264F36C100573BF9 /* PBXContainerItemProxy */;
		};
		9028060C264F36C100573BF9 /* PBXTargetDependency */ = {
			isa = PBXTargetDependency;
			target = 902805E8264F36BE00573BF9 /* ML_Challenge_iOS */;
			targetProxy = 9028060B264F36C100573BF9 /* PBXContainerItemProxy */;
		};
/* End PBXTargetDependency section */

/* Begin PBXVariantGroup section */
		902805F2264F36BE00573BF9 /* Main.storyboard */ = {
			isa = PBXVariantGroup;
			children = (
				902805F3264F36BE00573BF9 /* Base */,
			);
			name = Main.storyboard;
			sourceTree = "<group>";
		};
		902805F7264F36C100573BF9 /* LaunchScreen.storyboard */ = {
			isa = PBXVariantGroup;
			children = (
				902805F8264F36C100573BF9 /* Base */,
			);
			name = LaunchScreen.storyboard;
			sourceTree = "<group>";
		};
/* End PBXVariantGroup section */

/* Begin XCBuildConfiguration section */
		90280611264F36C100573BF9 /* Debug */ = {
			isa = XCBuildConfiguration;
			buildSettings = {
				ALWAYS_SEARCH_USER_PATHS = NO;
				CLANG_ANALYZER_NONNULL = YES;
				CLANG_ANALYZER_NUMBER_OBJECT_CONVERSION = YES_AGGRESSIVE;
				CLANG_CXX_LANGUAGE_STANDARD = "gnu++14";
				CLANG_CXX_LIBRARY = "libc++";
				CLANG_ENABLE_MODULES = YES;
				CLANG_ENABLE_OBJC_ARC = YES;
				CLANG_ENABLE_OBJC_WEAK = YES;
				CLANG_WARN_BLOCK_CAPTURE_AUTORELEASING = YES;
				CLANG_WARN_BOOL_CONVERSION = YES;
				CLANG_WARN_COMMA = YES;
				CLANG_WARN_CONSTANT_CONVERSION = YES;
				CLANG_WARN_DEPRECATED_OBJC_IMPLEMENTATIONS = YES;
				CLANG_WARN_DIRECT_OBJC_ISA_USAGE = YES_ERROR;
				CLANG_WARN_DOCUMENTATION_COMMENTS = YES;
				CLANG_WARN_EMPTY_BODY = YES;
				CLANG_WARN_ENUM_CONVERSION = YES;
				CLANG_WARN_INFINITE_RECURSION = YES;
				CLANG_WARN_INT_CONVERSION = YES;
				CLANG_WARN_NON_LITERAL_NULL_CONVERSION = YES;
				CLANG_WARN_OBJC_IMPLICIT_RETAIN_SELF = YES;
				CLANG_WARN_OBJC_LITERAL_CONVERSION = YES;
				CLANG_WARN_OBJC_ROOT_CLASS = YES_ERROR;
				CLANG_WARN_QUOTED_INCLUDE_IN_FRAMEWORK_HEADER = YES;
				CLANG_WARN_RANGE_LOOP_ANALYSIS = YES;
				CLANG_WARN_STRICT_PROTOTYPES = YES;
				CLANG_WARN_SUSPICIOUS_MOVE = YES;
				CLANG_WARN_UNGUARDED_AVAILABILITY = YES_AGGRESSIVE;
				CLANG_WARN_UNREACHABLE_CODE = YES;
				CLANG_WARN__DUPLICATE_METHOD_MATCH = YES;
				COPY_PHASE_STRIP = NO;
				DEBUG_INFORMATION_FORMAT = dwarf;
				ENABLE_STRICT_OBJC_MSGSEND = YES;
				ENABLE_TESTABILITY = YES;
				GCC_C_LANGUAGE_STANDARD = gnu11;
				GCC_DYNAMIC_NO_PIC = NO;
				GCC_NO_COMMON_BLOCKS = YES;
				GCC_OPTIMIZATION_LEVEL = 0;
				GCC_PREPROCESSOR_DEFINITIONS = (
					"DEBUG=1",
					"$(inherited)",
				);
				GCC_WARN_64_TO_32_BIT_CONVERSION = YES;
				GCC_WARN_ABOUT_RETURN_TYPE = YES_ERROR;
				GCC_WARN_UNDECLARED_SELECTOR = YES;
				GCC_WARN_UNINITIALIZED_AUTOS = YES_AGGRESSIVE;
				GCC_WARN_UNUSED_FUNCTION = YES;
				GCC_WARN_UNUSED_VARIABLE = YES;
				IPHONEOS_DEPLOYMENT_TARGET = 14.4;
				MTL_ENABLE_DEBUG_INFO = INCLUDE_SOURCE;
				MTL_FAST_MATH = YES;
				ONLY_ACTIVE_ARCH = YES;
				SDKROOT = iphoneos;
				SWIFT_ACTIVE_COMPILATION_CONDITIONS = DEBUG;
				SWIFT_OPTIMIZATION_LEVEL = "-Onone";
			};
			name = Debug;
		};
		90280612264F36C100573BF9 /* Release */ = {
			isa = XCBuildConfiguration;
			buildSettings = {
				ALWAYS_SEARCH_USER_PATHS = NO;
				CLANG_ANALYZER_NONNULL = YES;
				CLANG_ANALYZER_NUMBER_OBJECT_CONVERSION = YES_AGGRESSIVE;
				CLANG_CXX_LANGUAGE_STANDARD = "gnu++14";
				CLANG_CXX_LIBRARY = "libc++";
				CLANG_ENABLE_MODULES = YES;
				CLANG_ENABLE_OBJC_ARC = YES;
				CLANG_ENABLE_OBJC_WEAK = YES;
				CLANG_WARN_BLOCK_CAPTURE_AUTORELEASING = YES;
				CLANG_WARN_BOOL_CONVERSION = YES;
				CLANG_WARN_COMMA = YES;
				CLANG_WARN_CONSTANT_CONVERSION = YES;
				CLANG_WARN_DEPRECATED_OBJC_IMPLEMENTATIONS = YES;
				CLANG_WARN_DIRECT_OBJC_ISA_USAGE = YES_ERROR;
				CLANG_WARN_DOCUMENTATION_COMMENTS = YES;
				CLANG_WARN_EMPTY_BODY = YES;
				CLANG_WARN_ENUM_CONVERSION = YES;
				CLANG_WARN_INFINITE_RECURSION = YES;
				CLANG_WARN_INT_CONVERSION = YES;
				CLANG_WARN_NON_LITERAL_NULL_CONVERSION = YES;
				CLANG_WARN_OBJC_IMPLICIT_RETAIN_SELF = YES;
				CLANG_WARN_OBJC_LITERAL_CONVERSION = YES;
				CLANG_WARN_OBJC_ROOT_CLASS = YES_ERROR;
				CLANG_WARN_QUOTED_INCLUDE_IN_FRAMEWORK_HEADER = YES;
				CLANG_WARN_RANGE_LOOP_ANALYSIS = YES;
				CLANG_WARN_STRICT_PROTOTYPES = YES;
				CLANG_WARN_SUSPICIOUS_MOVE = YES;
				CLANG_WARN_UNGUARDED_AVAILABILITY = YES_AGGRESSIVE;
				CLANG_WARN_UNREACHABLE_CODE = YES;
				CLANG_WARN__DUPLICATE_METHOD_MATCH = YES;
				COPY_PHASE_STRIP = NO;
				DEBUG_INFORMATION_FORMAT = "dwarf-with-dsym";
				ENABLE_NS_ASSERTIONS = NO;
				ENABLE_STRICT_OBJC_MSGSEND = YES;
				GCC_C_LANGUAGE_STANDARD = gnu11;
				GCC_NO_COMMON_BLOCKS = YES;
				GCC_WARN_64_TO_32_BIT_CONVERSION = YES;
				GCC_WARN_ABOUT_RETURN_TYPE = YES_ERROR;
				GCC_WARN_UNDECLARED_SELECTOR = YES;
				GCC_WARN_UNINITIALIZED_AUTOS = YES_AGGRESSIVE;
				GCC_WARN_UNUSED_FUNCTION = YES;
				GCC_WARN_UNUSED_VARIABLE = YES;
				IPHONEOS_DEPLOYMENT_TARGET = 14.4;
				MTL_ENABLE_DEBUG_INFO = NO;
				MTL_FAST_MATH = YES;
				SDKROOT = iphoneos;
				SWIFT_COMPILATION_MODE = wholemodule;
				SWIFT_OPTIMIZATION_LEVEL = "-O";
				VALIDATE_PRODUCT = YES;
			};
			name = Release;
		};
		90280614264F36C100573BF9 /* Debug */ = {
			isa = XCBuildConfiguration;
			buildSettings = {
				ASSETCATALOG_COMPILER_APPICON_NAME = AppIcon;
				ASSETCATALOG_COMPILER_GLOBAL_ACCENT_COLOR_NAME = AccentColor;
				CODE_SIGN_STYLE = Automatic;
				DEVELOPMENT_TEAM = 7782B6NWY6;
				INFOPLIST_FILE = ML_Challenge_iOS/Info.plist;
				LD_RUNPATH_SEARCH_PATHS = (
					"$(inherited)",
					"@executable_path/Frameworks",
				);
				PRODUCT_BUNDLE_IDENTIFIER = "com.hernanruiz.ML-Challenge-iOS";
				PRODUCT_NAME = "$(TARGET_NAME)";
				SWIFT_VERSION = 5.0;
				TARGETED_DEVICE_FAMILY = "1,2";
			};
			name = Debug;
		};
		90280615264F36C100573BF9 /* Release */ = {
			isa = XCBuildConfiguration;
			buildSettings = {
				ASSETCATALOG_COMPILER_APPICON_NAME = AppIcon;
				ASSETCATALOG_COMPILER_GLOBAL_ACCENT_COLOR_NAME = AccentColor;
				CODE_SIGN_STYLE = Automatic;
				DEVELOPMENT_TEAM = 7782B6NWY6;
				INFOPLIST_FILE = ML_Challenge_iOS/Info.plist;
				LD_RUNPATH_SEARCH_PATHS = (
					"$(inherited)",
					"@executable_path/Frameworks",
				);
				PRODUCT_BUNDLE_IDENTIFIER = "com.hernanruiz.ML-Challenge-iOS";
				PRODUCT_NAME = "$(TARGET_NAME)";
				SWIFT_VERSION = 5.0;
				TARGETED_DEVICE_FAMILY = "1,2";
			};
			name = Release;
		};
		90280617264F36C100573BF9 /* Debug */ = {
			isa = XCBuildConfiguration;
			buildSettings = {
				ALWAYS_EMBED_SWIFT_STANDARD_LIBRARIES = YES;
				BUNDLE_LOADER = "$(TEST_HOST)";
				CODE_SIGN_STYLE = Automatic;
				DEVELOPMENT_TEAM = 7782B6NWY6;
				INFOPLIST_FILE = ML_Challenge_iOSTests/Info.plist;
				IPHONEOS_DEPLOYMENT_TARGET = 14.4;
				LD_RUNPATH_SEARCH_PATHS = (
					"$(inherited)",
					"@executable_path/Frameworks",
					"@loader_path/Frameworks",
				);
				PRODUCT_BUNDLE_IDENTIFIER = "com.hernanruiz.ML-Challenge-iOSTests";
				PRODUCT_NAME = "$(TARGET_NAME)";
				SWIFT_VERSION = 5.0;
				TARGETED_DEVICE_FAMILY = "1,2";
				TEST_HOST = "$(BUILT_PRODUCTS_DIR)/ML_Challenge_iOS.app/ML_Challenge_iOS";
			};
			name = Debug;
		};
		90280618264F36C100573BF9 /* Release */ = {
			isa = XCBuildConfiguration;
			buildSettings = {
				ALWAYS_EMBED_SWIFT_STANDARD_LIBRARIES = YES;
				BUNDLE_LOADER = "$(TEST_HOST)";
				CODE_SIGN_STYLE = Automatic;
				DEVELOPMENT_TEAM = 7782B6NWY6;
				INFOPLIST_FILE = ML_Challenge_iOSTests/Info.plist;
				IPHONEOS_DEPLOYMENT_TARGET = 14.4;
				LD_RUNPATH_SEARCH_PATHS = (
					"$(inherited)",
					"@executable_path/Frameworks",
					"@loader_path/Frameworks",
				);
				PRODUCT_BUNDLE_IDENTIFIER = "com.hernanruiz.ML-Challenge-iOSTests";
				PRODUCT_NAME = "$(TARGET_NAME)";
				SWIFT_VERSION = 5.0;
				TARGETED_DEVICE_FAMILY = "1,2";
				TEST_HOST = "$(BUILT_PRODUCTS_DIR)/ML_Challenge_iOS.app/ML_Challenge_iOS";
			};
			name = Release;
		};
		9028061A264F36C100573BF9 /* Debug */ = {
			isa = XCBuildConfiguration;
			buildSettings = {
				ALWAYS_EMBED_SWIFT_STANDARD_LIBRARIES = YES;
				CODE_SIGN_IDENTITY = "Apple Development";
				"CODE_SIGN_IDENTITY[sdk=macosx*]" = "Apple Development";
				CODE_SIGN_STYLE = Automatic;
				DEVELOPMENT_TEAM = 7782B6NWY6;
				INFOPLIST_FILE = ML_Challenge_iOSUITests/Info.plist;
				LD_RUNPATH_SEARCH_PATHS = (
					"$(inherited)",
					"@executable_path/Frameworks",
					"@loader_path/Frameworks",
				);
				PRODUCT_BUNDLE_IDENTIFIER = "com.hernanruiz.ML-Challenge-iOSUITests";
				PRODUCT_NAME = "$(TARGET_NAME)";
				PROVISIONING_PROFILE_SPECIFIER = "";
				"PROVISIONING_PROFILE_SPECIFIER[sdk=macosx*]" = "";
				SWIFT_VERSION = 5.0;
				TARGETED_DEVICE_FAMILY = "1,2";
				TEST_TARGET_NAME = ML_Challenge_iOS;
			};
			name = Debug;
		};
		9028061B264F36C100573BF9 /* Release */ = {
			isa = XCBuildConfiguration;
			buildSettings = {
				ALWAYS_EMBED_SWIFT_STANDARD_LIBRARIES = YES;
				CODE_SIGN_IDENTITY = "Apple Development";
				"CODE_SIGN_IDENTITY[sdk=macosx*]" = "Apple Development";
				CODE_SIGN_STYLE = Automatic;
				DEVELOPMENT_TEAM = 7782B6NWY6;
				INFOPLIST_FILE = ML_Challenge_iOSUITests/Info.plist;
				LD_RUNPATH_SEARCH_PATHS = (
					"$(inherited)",
					"@executable_path/Frameworks",
					"@loader_path/Frameworks",
				);
				PRODUCT_BUNDLE_IDENTIFIER = "com.hernanruiz.ML-Challenge-iOSUITests";
				PRODUCT_NAME = "$(TARGET_NAME)";
				PROVISIONING_PROFILE_SPECIFIER = "";
				"PROVISIONING_PROFILE_SPECIFIER[sdk=macosx*]" = "";
				SWIFT_VERSION = 5.0;
				TARGETED_DEVICE_FAMILY = "1,2";
				TEST_TARGET_NAME = ML_Challenge_iOS;
			};
			name = Release;
		};
/* End XCBuildConfiguration section */

/* Begin XCConfigurationList section */
		902805E4264F36BE00573BF9 /* Build configuration list for PBXProject "ML_Challenge_iOS" */ = {
			isa = XCConfigurationList;
			buildConfigurations = (
				90280611264F36C100573BF9 /* Debug */,
				90280612264F36C100573BF9 /* Release */,
			);
			defaultConfigurationIsVisible = 0;
			defaultConfigurationName = Release;
		};
		90280613264F36C100573BF9 /* Build configuration list for PBXNativeTarget "ML_Challenge_iOS" */ = {
			isa = XCConfigurationList;
			buildConfigurations = (
				90280614264F36C100573BF9 /* Debug */,
				90280615264F36C100573BF9 /* Release */,
			);
			defaultConfigurationIsVisible = 0;
			defaultConfigurationName = Release;
		};
		90280616264F36C100573BF9 /* Build configuration list for PBXNativeTarget "ML_Challenge_iOSTests" */ = {
			isa = XCConfigurationList;
			buildConfigurations = (
				90280617264F36C100573BF9 /* Debug */,
				90280618264F36C100573BF9 /* Release */,
			);
			defaultConfigurationIsVisible = 0;
			defaultConfigurationName = Release;
		};
		90280619264F36C100573BF9 /* Build configuration list for PBXNativeTarget "ML_Challenge_iOSUITests" */ = {
			isa = XCConfigurationList;
			buildConfigurations = (
				9028061A264F36C100573BF9 /* Debug */,
				9028061B264F36C100573BF9 /* Release */,
			);
			defaultConfigurationIsVisible = 0;
			defaultConfigurationName = Release;
		};
/* End XCConfigurationList section */

/* Begin XCRemoteSwiftPackageReference section */
		90280645264F617A00573BF9 /* XCRemoteSwiftPackageReference "alamofire" */ = {
			isa = XCRemoteSwiftPackageReference;
			repositoryURL = "http://github.com/alamofire/alamofire.git";
			requirement = {
				kind = upToNextMajorVersion;
				minimumVersion = 5.4.3;
			};
		};
/* End XCRemoteSwiftPackageReference section */

/* Begin XCSwiftPackageProductDependency section */
		90280646264F617A00573BF9 /* Alamofire */ = {
			isa = XCSwiftPackageProductDependency;
			package = 90280645264F617A00573BF9 /* XCRemoteSwiftPackageReference "alamofire" */;
			productName = Alamofire;
		};
/* End XCSwiftPackageProductDependency section */
	};
	rootObject = 902805E1264F36BE00573BF9 /* Project object */;
}
